
Microsoft Visual Studio Solution File, Format Version 12.00
# Visual Studio Version 16
VisualStudioVersion = 16.0.29709.97
MinimumVisualStudioVersion = 10.0.40219.1
Project("{2150E333-8FDC-42A3-9474-1A3956D46DE8}") = "Apps", "Apps", "{D2974FE3-5497-482A-9971-5521E68A48BF}"
EndProject
Project("{2150E333-8FDC-42A3-9474-1A3956D46DE8}") = "Presentation level", "Presentation level", "{382CE8B6-FC92-40BA-8DA0-448CF8A11F57}"
EndProject
Project("{2150E333-8FDC-42A3-9474-1A3956D46DE8}") = "Shared", "Shared", "{A5DF417F-7100-4371-8219-1BB5FC2A2759}"
EndProject
Project("{FAE04EC0-301F-11D3-BF4B-00C04F79EFBC}") = "Avito.UI.WinForms.Window", "Avito.UI.WinForms.Window\Avito.UI.WinForms.Window.csproj", "{0E032BB7-430F-4627-80E9-268DE66F0216}"
EndProject
Project("{FAE04EC0-301F-11D3-BF4B-00C04F79EFBC}") = "Avito.UI.WinForms.Logic", "Avito.UI.WinForms.Logic\Avito.UI.WinForms.Logic.csproj", "{5437889B-1D94-4F8C-A6B6-EB5D9A4234C3}"
EndProject
Project("{FAE04EC0-301F-11D3-BF4B-00C04F79EFBC}") = "Avito.UI.PresentationLogic", "Avito.UI.PresentationLogic\Avito.UI.PresentationLogic.csproj", "{171BD0FC-FF67-4763-8E2A-B21A201CB883}"
EndProject
Project("{FAE04EC0-301F-11D3-BF4B-00C04F79EFBC}") = "Avito.UI.Interfaces", "Avito.UI.Interfaces\Avito.UI.Interfaces.csproj", "{BF0F2D32-000B-46BB-A54B-F52A750DCEED}"
EndProject
Project("{FAE04EC0-301F-11D3-BF4B-00C04F79EFBC}") = "Resources", "Resources\Resources.csproj", "{17F9DAF6-112C-4613-99B8-03CA00162928}"
EndProject
Project("{9A19103F-16F7-4668-BE54-9A1E7A4F7556}") = "Shared.Utils.Web", "Shared.Utils.Web\Shared.Utils.Web.csproj", "{00F88B69-C475-48B4-981B-ED332681AD89}"
EndProject
Project("{9A19103F-16F7-4668-BE54-9A1E7A4F7556}") = "Shared.Utils.Lib", "Shared.Utils.Lib\Shared.Utils.Lib.csproj", "{9F86F569-2530-4F33-B9EC-2A30092EA569}"
EndProject
Project("{9A19103F-16F7-4668-BE54-9A1E7A4F7556}") = "Shared.Utils.Desktop", "Shared.Utils.Desktop\Shared.Utils.Desktop.csproj", "{205E7DB2-9583-4A80-BA05-0C7C93554059}"
EndProject
Project("{FAE04EC0-301F-11D3-BF4B-00C04F79EFBC}") = "Avito.Search.Tests", "Avito.Search.Tests\Avito.Search.Tests.csproj", "{9F96C663-0286-4524-A1B6-385A2D18A7F8}"
EndProject
Project("{9A19103F-16F7-4668-BE54-9A1E7A4F7556}") = "Avito.Model", "Avito.Model\Avito.Model.csproj", "{F21376C6-AD79-42C1-986B-289C43E25DFF}"
EndProject
Project("{9A19103F-16F7-4668-BE54-9A1E7A4F7556}") = "Avito.Search", "Avito.Search\Avito.Search.csproj", "{B09C47D1-753B-4E7B-8601-6CAB60CAF832}"
EndProject
Project("{2150E333-8FDC-42A3-9474-1A3956D46DE8}") = "Tests", "Tests", "{5BDFFEB0-B2EC-4DF2-9F4C-1D7BCB71B5D7}"
EndProject
Global
	GlobalSection(SolutionConfigurationPlatforms) = preSolution
		Debug|Any CPU = Debug|Any CPU
		Release|Any CPU = Release|Any CPU
	EndGlobalSection
	GlobalSection(ProjectConfigurationPlatforms) = postSolution
		{0E032BB7-430F-4627-80E9-268DE66F0216}.Debug|Any CPU.ActiveCfg = Debug|Any CPU
		{0E032BB7-430F-4627-80E9-268DE66F0216}.Debug|Any CPU.Build.0 = Debug|Any CPU
		{0E032BB7-430F-4627-80E9-268DE66F0216}.Release|Any CPU.ActiveCfg = Release|Any CPU
		{0E032BB7-430F-4627-80E9-268DE66F0216}.Release|Any CPU.Build.0 = Release|Any CPU
		{5437889B-1D94-4F8C-A6B6-EB5D9A4234C3}.Debug|Any CPU.ActiveCfg = Debug|Any CPU
		{5437889B-1D94-4F8C-A6B6-EB5D9A4234C3}.Debug|Any CPU.Build.0 = Debug|Any CPU
		{5437889B-1D94-4F8C-A6B6-EB5D9A4234C3}.Release|Any CPU.ActiveCfg = Release|Any CPU
		{5437889B-1D94-4F8C-A6B6-EB5D9A4234C3}.Release|Any CPU.Build.0 = Release|Any CPU
		{171BD0FC-FF67-4763-8E2A-B21A201CB883}.Debug|Any CPU.ActiveCfg = Debug|Any CPU
		{171BD0FC-FF67-4763-8E2A-B21A201CB883}.Debug|Any CPU.Build.0 = Debug|Any CPU
		{171BD0FC-FF67-4763-8E2A-B21A201CB883}.Release|Any CPU.ActiveCfg = Release|Any CPU
		{171BD0FC-FF67-4763-8E2A-B21A201CB883}.Release|Any CPU.Build.0 = Release|Any CPU
		{BF0F2D32-000B-46BB-A54B-F52A750DCEED}.Debug|Any CPU.ActiveCfg = Debug|Any CPU
		{BF0F2D32-000B-46BB-A54B-F52A750DCEED}.Debug|Any CPU.Build.0 = Debug|Any CPU
		{BF0F2D32-000B-46BB-A54B-F52A750DCEED}.Release|Any CPU.ActiveCfg = Release|Any CPU
		{BF0F2D32-000B-46BB-A54B-F52A750DCEED}.Release|Any CPU.Build.0 = Release|Any CPU
		{17F9DAF6-112C-4613-99B8-03CA00162928}.Debug|Any CPU.ActiveCfg = Debug|Any CPU
		{17F9DAF6-112C-4613-99B8-03CA00162928}.Debug|Any CPU.Build.0 = Debug|Any CPU
		{17F9DAF6-112C-4613-99B8-03CA00162928}.Release|Any CPU.ActiveCfg = Release|Any CPU
		{17F9DAF6-112C-4613-99B8-03CA00162928}.Release|Any CPU.Build.0 = Release|Any CPU
		{00F88B69-C475-48B4-981B-ED332681AD89}.Debug|Any CPU.ActiveCfg = Debug|Any CPU
		{00F88B69-C475-48B4-981B-ED332681AD89}.Debug|Any CPU.Build.0 = Debug|Any CPU
		{00F88B69-C475-48B4-981B-ED332681AD89}.Release|Any CPU.ActiveCfg = Release|Any CPU
		{00F88B69-C475-48B4-981B-ED332681AD89}.Release|Any CPU.Build.0 = Release|Any CPU
		{9F86F569-2530-4F33-B9EC-2A30092EA569}.Debug|Any CPU.ActiveCfg = Debug|Any CPU
		{9F86F569-2530-4F33-B9EC-2A30092EA569}.Debug|Any CPU.Build.0 = Debug|Any CPU
		{9F86F569-2530-4F33-B9EC-2A30092EA569}.Release|Any CPU.ActiveCfg = Release|Any CPU
		{9F86F569-2530-4F33-B9EC-2A30092EA569}.Release|Any CPU.Build.0 = Release|Any CPU
		{205E7DB2-9583-4A80-BA05-0C7C93554059}.Debug|Any CPU.ActiveCfg = Debug|Any CPU
		{205E7DB2-9583-4A80-BA05-0C7C93554059}.Debug|Any CPU.Build.0 = Debug|Any CPU
		{205E7DB2-9583-4A80-BA05-0C7C93554059}.Release|Any CPU.ActiveCfg = Release|Any CPU
		{205E7DB2-9583-4A80-BA05-0C7C93554059}.Release|Any CPU.Build.0 = Release|Any CPU
		{9F96C663-0286-4524-A1B6-385A2D18A7F8}.Debug|Any CPU.ActiveCfg = Debug|Any CPU
		{9F96C663-0286-4524-A1B6-385A2D18A7F8}.Debug|Any CPU.Build.0 = Debug|Any CPU
		{9F96C663-0286-4524-A1B6-385A2D18A7F8}.Release|Any CPU.ActiveCfg = Release|Any CPU
		{9F96C663-0286-4524-A1B6-385A2D18A7F8}.Release|Any CPU.Build.0 = Release|Any CPU
		{F21376C6-AD79-42C1-986B-289C43E25DFF}.Debug|Any CPU.ActiveCfg = Debug|Any CPU
		{F21376C6-AD79-42C1-986B-289C43E25DFF}.Debug|Any CPU.Build.0 = Debug|Any CPU
		{F21376C6-AD79-42C1-986B-289C43E25DFF}.Release|Any CPU.ActiveCfg = Release|Any CPU
		{F21376C6-AD79-42C1-986B-289C43E25DFF}.Release|Any CPU.Build.0 = Release|Any CPU
		{B09C47D1-753B-4E7B-8601-6CAB60CAF832}.Debug|Any CPU.ActiveCfg = Debug|Any CPU
		{B09C47D1-753B-4E7B-8601-6CAB60CAF832}.Debug|Any CPU.Build.0 = Debug|Any CPU
		{B09C47D1-753B-4E7B-8601-6CAB60CAF832}.Release|Any CPU.ActiveCfg = Release|Any CPU
		{B09C47D1-753B-4E7B-8601-6CAB60CAF832}.Release|Any CPU.Build.0 = Release|Any CPU
	EndGlobalSection
	GlobalSection(SolutionProperties) = preSolution
		HideSolutionNode = FALSE
	EndGlobalSection
	GlobalSection(NestedProjects) = preSolution
		{0E032BB7-430F-4627-80E9-268DE66F0216} = {D2974FE3-5497-482A-9971-5521E68A48BF}
		{5437889B-1D94-4F8C-A6B6-EB5D9A4234C3} = {382CE8B6-FC92-40BA-8DA0-448CF8A11F57}
		{171BD0FC-FF67-4763-8E2A-B21A201CB883} = {382CE8B6-FC92-40BA-8DA0-448CF8A11F57}
		{BF0F2D32-000B-46BB-A54B-F52A750DCEED} = {382CE8B6-FC92-40BA-8DA0-448CF8A11F57}
		{00F88B69-C475-48B4-981B-ED332681AD89} = {A5DF417F-7100-4371-8219-1BB5FC2A2759}
		{9F86F569-2530-4F33-B9EC-2A30092EA569} = {A5DF417F-7100-4371-8219-1BB5FC2A2759}
		{205E7DB2-9583-4A80-BA05-0C7C93554059} = {A5DF417F-7100-4371-8219-1BB5FC2A2759}
		{9F96C663-0286-4524-A1B6-385A2D18A7F8} = {5BDFFEB0-B2EC-4DF2-9F4C-1D7BCB71B5D7}
		{F21376C6-AD79-42C1-986B-289C43E25DFF} = {A5DF417F-7100-4371-8219-1BB5FC2A2759}
		{B09C47D1-753B-4E7B-8601-6CAB60CAF832} = {A5DF417F-7100-4371-8219-1BB5FC2A2759}
	EndGlobalSection
	GlobalSection(ExtensibilityGlobals) = postSolution
		SolutionGuid = {CCC992EE-286C-4481-A78F-210014CC1EBD}
	EndGlobalSection
EndGlobal
